// !$*UTF8*$!
{
	archiveVersion = 1;
	classes = {
	};
	objectVersion = 53;
	objects = {

/* Begin PBXBuildFile section */
		1E17904C298C1DB800823C2B /* AppDelegate.swift in Sources */ = {isa = PBXBuildFile; fileRef = 1E17904B298C1DB800823C2B /* AppDelegate.swift */; };
		1E17904E298C1DB800823C2B /* SceneDelegate.swift in Sources */ = {isa = PBXBuildFile; fileRef = 1E17904D298C1DB800823C2B /* SceneDelegate.swift */; };
		1E179050298C1DB800823C2B /* PostViewController.swift in Sources */ = {isa = PBXBuildFile; fileRef = 1E17904F298C1DB800823C2B /* PostViewController.swift */; };
		1E179055298C1DB900823C2B /* Assets.xcassets in Resources */ = {isa = PBXBuildFile; fileRef = 1E179054298C1DB900823C2B /* Assets.xcassets */; };
		1E179058298C1DB900823C2B /* LaunchScreen.storyboard in Resources */ = {isa = PBXBuildFile; fileRef = 1E179056298C1DB900823C2B /* LaunchScreen.storyboard */; };
		1E179067298C284800823C2B /* MainTabBarViewController.swift in Sources */ = {isa = PBXBuildFile; fileRef = 1E179066298C284800823C2B /* MainTabBarViewController.swift */; };
		1E179069298C2F9F00823C2B /* InfoViewController.swift in Sources */ = {isa = PBXBuildFile; fileRef = 1E179068298C2F9F00823C2B /* InfoViewController.swift */; };
		1E17906B298C363E00823C2B /* FeedViewController.swift in Sources */ = {isa = PBXBuildFile; fileRef = 1E17906A298C363E00823C2B /* FeedViewController.swift */; };
		1E17906D298C365C00823C2B /* ProfileViewController.swift in Sources */ = {isa = PBXBuildFile; fileRef = 1E17906C298C365C00823C2B /* ProfileViewController.swift */; };
		1E179070298C5EED00823C2B /* UIColorExtension.swift in Sources */ = {isa = PBXBuildFile; fileRef = 1E17906F298C5EED00823C2B /* UIColorExtension.swift */; };
		1E179072298D177C00823C2B /* CradientButton.swift in Sources */ = {isa = PBXBuildFile; fileRef = 1E179071298D177C00823C2B /* CradientButton.swift */; };
		1E179075298D26DB00823C2B /* Post.swift in Sources */ = {isa = PBXBuildFile; fileRef = 1E179074298D26DB00823C2B /* Post.swift */; };
		1EA0D7EB29A9FE3500B5C349 /* PhotosTableViewCell.swift in Sources */ = {isa = PBXBuildFile; fileRef = 1EA0D7EA29A9FE3500B5C349 /* PhotosTableViewCell.swift */; };
		1EC672CE299E303500FDDECD /* LogInViewController.swift in Sources */ = {isa = PBXBuildFile; fileRef = 1EC672CD299E303500FDDECD /* LogInViewController.swift */; };
		1EC672D1299E47D900FDDECD /* LogInView.swift in Sources */ = {isa = PBXBuildFile; fileRef = 1EC672D0299E47D900FDDECD /* LogInView.swift */; };
		1EC672D5299FCC2B00FDDECD /* PostTableViewCell.swift in Sources */ = {isa = PBXBuildFile; fileRef = 1EC672D4299FCC2B00FDDECD /* PostTableViewCell.swift */; };
		1EC672D9299FD4C800FDDECD /* UIView+Extension.swift in Sources */ = {isa = PBXBuildFile; fileRef = 1EC672D8299FD4C800FDDECD /* UIView+Extension.swift */; };
		1ECAB12B29AA43B400070F5C /* PhotosViewController.swift in Sources */ = {isa = PBXBuildFile; fileRef = 1ECAB12A29AA43B400070F5C /* PhotosViewController.swift */; };
		1ECAB12D29AA43EB00070F5C /* PhotosCollectionViewCell.swift in Sources */ = {isa = PBXBuildFile; fileRef = 1ECAB12C29AA43EB00070F5C /* PhotosCollectionViewCell.swift */; };
		1ECAB13229AA44B900070F5C /* PhotoGallery.swift in Sources */ = {isa = PBXBuildFile; fileRef = 1ECAB13129AA44B900070F5C /* PhotoGallery.swift */; };
		1ED524DC29BCAAEA0050E5BA /* DetailedViewController.swift in Sources */ = {isa = PBXBuildFile; fileRef = 1ED524DB29BCAAEA0050E5BA /* DetailedViewController.swift */; };
		1EDAB5DD29C47297006B0A85 /* CollectionViewCellTableView.swift in Sources */ = {isa = PBXBuildFile; fileRef = 1EDAB5DC29C47297006B0A85 /* CollectionViewCellTableView.swift */; };
		1EDE0EF529A2A10F00A6925B /* Model.swift in Sources */ = {isa = PBXBuildFile; fileRef = 1EDE0EF429A2A10F00A6925B /* Model.swift */; };
		1EDE2E602993F39A00F0FE1A /* ProfileHeaderView.swift in Sources */ = {isa = PBXBuildFile; fileRef = 1EDE2E5F2993F39A00F0FE1A /* ProfileHeaderView.swift */; };
/* End PBXBuildFile section */

/* Begin PBXFileReference section */
		1E179048298C1DB800823C2B /* Navigation.app */ = {isa = PBXFileReference; explicitFileType = wrapper.application; includeInIndex = 0; path = Navigation.app; sourceTree = BUILT_PRODUCTS_DIR; };
		1E17904B298C1DB800823C2B /* AppDelegate.swift */ = {isa = PBXFileReference; lastKnownFileType = sourcecode.swift; path = AppDelegate.swift; sourceTree = "<group>"; };
		1E17904D298C1DB800823C2B /* SceneDelegate.swift */ = {isa = PBXFileReference; lastKnownFileType = sourcecode.swift; path = SceneDelegate.swift; sourceTree = "<group>"; };
		1E17904F298C1DB800823C2B /* PostViewController.swift */ = {isa = PBXFileReference; lastKnownFileType = sourcecode.swift; path = PostViewController.swift; sourceTree = "<group>"; };
		1E179054298C1DB900823C2B /* Assets.xcassets */ = {isa = PBXFileReference; lastKnownFileType = folder.assetcatalog; path = Assets.xcassets; sourceTree = "<group>"; };
		1E179057298C1DB900823C2B /* Base */ = {isa = PBXFileReference; lastKnownFileType = file.storyboard; name = Base; path = Base.lproj/LaunchScreen.storyboard; sourceTree = "<group>"; };
		1E179059298C1DB900823C2B /* Info.plist */ = {isa = PBXFileReference; lastKnownFileType = text.plist.xml; path = Info.plist; sourceTree = "<group>"; };
		1E179066298C284800823C2B /* MainTabBarViewController.swift */ = {isa = PBXFileReference; lastKnownFileType = sourcecode.swift; path = MainTabBarViewController.swift; sourceTree = "<group>"; };
		1E179068298C2F9F00823C2B /* InfoViewController.swift */ = {isa = PBXFileReference; lastKnownFileType = sourcecode.swift; path = InfoViewController.swift; sourceTree = "<group>"; };
		1E17906A298C363E00823C2B /* FeedViewController.swift */ = {isa = PBXFileReference; lastKnownFileType = sourcecode.swift; path = FeedViewController.swift; sourceTree = "<group>"; };
		1E17906C298C365C00823C2B /* ProfileViewController.swift */ = {isa = PBXFileReference; lastKnownFileType = sourcecode.swift; path = ProfileViewController.swift; sourceTree = "<group>"; };
		1E17906F298C5EED00823C2B /* UIColorExtension.swift */ = {isa = PBXFileReference; lastKnownFileType = sourcecode.swift; path = UIColorExtension.swift; sourceTree = "<group>"; };
		1E179071298D177C00823C2B /* CradientButton.swift */ = {isa = PBXFileReference; lastKnownFileType = sourcecode.swift; path = CradientButton.swift; sourceTree = "<group>"; };
		1E179074298D26DB00823C2B /* Post.swift */ = {isa = PBXFileReference; lastKnownFileType = sourcecode.swift; path = Post.swift; sourceTree = "<group>"; };
		1EA0D7EA29A9FE3500B5C349 /* PhotosTableViewCell.swift */ = {isa = PBXFileReference; lastKnownFileType = sourcecode.swift; path = PhotosTableViewCell.swift; sourceTree = "<group>"; };
		1EC672CD299E303500FDDECD /* LogInViewController.swift */ = {isa = PBXFileReference; lastKnownFileType = sourcecode.swift; path = LogInViewController.swift; sourceTree = "<group>"; };
		1EC672D0299E47D900FDDECD /* LogInView.swift */ = {isa = PBXFileReference; lastKnownFileType = sourcecode.swift; path = LogInView.swift; sourceTree = "<group>"; };
		1EC672D4299FCC2B00FDDECD /* PostTableViewCell.swift */ = {isa = PBXFileReference; lastKnownFileType = sourcecode.swift; path = PostTableViewCell.swift; sourceTree = "<group>"; };
		1EC672D8299FD4C800FDDECD /* UIView+Extension.swift */ = {isa = PBXFileReference; lastKnownFileType = sourcecode.swift; path = "UIView+Extension.swift"; sourceTree = "<group>"; };
		1ECAB12A29AA43B400070F5C /* PhotosViewController.swift */ = {isa = PBXFileReference; lastKnownFileType = sourcecode.swift; path = PhotosViewController.swift; sourceTree = "<group>"; };
		1ECAB12C29AA43EB00070F5C /* PhotosCollectionViewCell.swift */ = {isa = PBXFileReference; lastKnownFileType = sourcecode.swift; path = PhotosCollectionViewCell.swift; sourceTree = "<group>"; };
		1ECAB13129AA44B900070F5C /* PhotoGallery.swift */ = {isa = PBXFileReference; lastKnownFileType = sourcecode.swift; path = PhotoGallery.swift; sourceTree = "<group>"; };
		1ED524DB29BCAAEA0050E5BA /* DetailedViewController.swift */ = {isa = PBXFileReference; lastKnownFileType = sourcecode.swift; path = DetailedViewController.swift; sourceTree = "<group>"; };
		1EDAB5DC29C47297006B0A85 /* CollectionViewCellTableView.swift */ = {isa = PBXFileReference; lastKnownFileType = sourcecode.swift; path = CollectionViewCellTableView.swift; sourceTree = "<group>"; };
		1EDE0EF429A2A10F00A6925B /* Model.swift */ = {isa = PBXFileReference; lastKnownFileType = sourcecode.swift; path = Model.swift; sourceTree = "<group>"; };
		1EDE2E5F2993F39A00F0FE1A /* ProfileHeaderView.swift */ = {isa = PBXFileReference; lastKnownFileType = sourcecode.swift; path = ProfileHeaderView.swift; sourceTree = "<group>"; };
/* End PBXFileReference section */

/* Begin PBXFrameworksBuildPhase section */
		1E179045298C1DB800823C2B /* Frameworks */ = {
			isa = PBXFrameworksBuildPhase;
			buildActionMask = 2147483647;
			files = (
			);
			runOnlyForDeploymentPostprocessing = 0;
		};
/* End PBXFrameworksBuildPhase section */

/* Begin PBXGroup section */
		1E17903F298C1DB800823C2B = {
			isa = PBXGroup;
			children = (
				1E17904A298C1DB800823C2B /* Navigation */,
				1E179049298C1DB800823C2B /* Products */,
			);
			sourceTree = "<group>";
		};
		1E179049298C1DB800823C2B /* Products */ = {
			isa = PBXGroup;
			children = (
				1E179048298C1DB800823C2B /* Navigation.app */,
			);
			name = Products;
			sourceTree = "<group>";
		};
		1E17904A298C1DB800823C2B /* Navigation */ = {
			isa = PBXGroup;
			children = (
				1EC672CF299E356B00FDDECD /* Login */,
				1EA0D7E929A9FCFF00B5C349 /* Photos */,
				1E179073298D26BF00823C2B /* Post */,
				1E17906E298C5ECD00823C2B /* Extension */,
				1EDE2E5D2993F31200F0FE1A /* Profile */,
				1E179062298C1EF100823C2B /* Controllers */,
				1E17905F298C1DC800823C2B /* Resources */,
				1E179061298C1E0A00823C2B /* Applicstion */,
			);
			path = Navigation;
			sourceTree = "<group>";
		};
		1E17905F298C1DC800823C2B /* Resources */ = {
			isa = PBXGroup;
			children = (
				1E179054298C1DB900823C2B /* Assets.xcassets */,
				1E179056298C1DB900823C2B /* LaunchScreen.storyboard */,
				1E179059298C1DB900823C2B /* Info.plist */,
			);
			path = Resources;
			sourceTree = "<group>";
		};
		1E179061298C1E0A00823C2B /* Applicstion */ = {
			isa = PBXGroup;
			children = (
				1E17904B298C1DB800823C2B /* AppDelegate.swift */,
				1E17904D298C1DB800823C2B /* SceneDelegate.swift */,
			);
			path = Applicstion;
			sourceTree = "<group>";
		};
		1E179062298C1EF100823C2B /* Controllers */ = {
			isa = PBXGroup;
			children = (
				1E179068298C2F9F00823C2B /* InfoViewController.swift */,
				1E17904F298C1DB800823C2B /* PostViewController.swift */,
				1E179066298C284800823C2B /* MainTabBarViewController.swift */,
				1E17906A298C363E00823C2B /* FeedViewController.swift */,
			);
			path = Controllers;
			sourceTree = "<group>";
		};
		1E17906E298C5ECD00823C2B /* Extension */ = {
			isa = PBXGroup;
			children = (
				1E17906F298C5EED00823C2B /* UIColorExtension.swift */,
				1E179071298D177C00823C2B /* CradientButton.swift */,
				1EC672D8299FD4C800FDDECD /* UIView+Extension.swift */,
			);
			path = Extension;
			sourceTree = "<group>";
		};
		1E179073298D26BF00823C2B /* Post */ = {
			isa = PBXGroup;
			children = (
				1E179074298D26DB00823C2B /* Post.swift */,
			);
			path = Post;
			sourceTree = "<group>";
		};
		1EA0D7E929A9FCFF00B5C349 /* Photos */ = {
			isa = PBXGroup;
			children = (
				1ECAB12F29AA441800070F5C /* Controllers */,
				1ECAB12E29AA43F400070F5C /* Cell */,
				1ECAB13029AA446A00070F5C /* Model */,
			);
			path = Photos;
			sourceTree = "<group>";
		};
		1EC672CF299E356B00FDDECD /* Login */ = {
			isa = PBXGroup;
			children = (
				1EC672CD299E303500FDDECD /* LogInViewController.swift */,
				1EC672D0299E47D900FDDECD /* LogInView.swift */,
			);
			path = Login;
			sourceTree = "<group>";
		};
		1EC672D6299FD10800FDDECD /* Header */ = {
			isa = PBXGroup;
			children = (
				1EDE2E5F2993F39A00F0FE1A /* ProfileHeaderView.swift */,
			);
			path = Header;
			sourceTree = "<group>";
		};
		1EC672D7299FD12200FDDECD /* Cell */ = {
			isa = PBXGroup;
			children = (
				1EA0D7EA29A9FE3500B5C349 /* PhotosTableViewCell.swift */,
				1EDAB5DC29C47297006B0A85 /* CollectionViewCellTableView.swift */,
				1EC672D4299FCC2B00FDDECD /* PostTableViewCell.swift */,
			);
			path = Cell;
			sourceTree = "<group>";
		};
		1ECAB12E29AA43F400070F5C /* Cell */ = {
			isa = PBXGroup;
			children = (
				1ECAB12C29AA43EB00070F5C /* PhotosCollectionViewCell.swift */,
			);
			path = Cell;
			sourceTree = "<group>";
		};
		1ECAB12F29AA441800070F5C /* Controllers */ = {
			isa = PBXGroup;
			children = (
				1ECAB12A29AA43B400070F5C /* PhotosViewController.swift */,
			);
			path = Controllers;
			sourceTree = "<group>";
		};
		1ECAB13029AA446A00070F5C /* Model */ = {
			isa = PBXGroup;
			children = (
				1ECAB13129AA44B900070F5C /* PhotoGallery.swift */,
			);
			path = Model;
			sourceTree = "<group>";
		};
		1EDE0EF329A2A0EB00A6925B /* Model */ = {
			isa = PBXGroup;
			children = (
				1EDE0EF429A2A10F00A6925B /* Model.swift */,
			);
			path = Model;
			sourceTree = "<group>";
		};
		1EDE2E5D2993F31200F0FE1A /* Profile */ = {
			isa = PBXGroup;
			children = (
				1EDE2E5E2993F34300F0FE1A /* Controllers */,
				1EC672D7299FD12200FDDECD /* Cell */,
				1EC672D6299FD10800FDDECD /* Header */,
				1EDE0EF329A2A0EB00A6925B /* Model */,
			);
			path = Profile;
			sourceTree = "<group>";
		};
		1EDE2E5E2993F34300F0FE1A /* Controllers */ = {
			isa = PBXGroup;
			children = (
				1E17906C298C365C00823C2B /* ProfileViewController.swift */,
				1ED524DB29BCAAEA0050E5BA /* DetailedViewController.swift */,
			);
			path = Controllers;
			sourceTree = "<group>";
		};
/* End PBXGroup section */

/* Begin PBXNativeTarget section */
		1E179047298C1DB800823C2B /* Navigation */ = {
			isa = PBXNativeTarget;
			buildConfigurationList = 1E17905C298C1DB900823C2B /* Build configuration list for PBXNativeTarget "Navigation" */;
			buildPhases = (
				1E179044298C1DB800823C2B /* Sources */,
				1E179045298C1DB800823C2B /* Frameworks */,
				1E179046298C1DB800823C2B /* Resources */,
			);
			buildRules = (
			);
			dependencies = (
			);
			name = Navigation;
			productName = Navigation;
			productReference = 1E179048298C1DB800823C2B /* Navigation.app */;
			productType = "com.apple.product-type.application";
		};
/* End PBXNativeTarget section */

/* Begin PBXProject section */
		1E179040298C1DB800823C2B /* Project object */ = {
			isa = PBXProject;
			attributes = {
				BuildIndependentTargetsInParallel = 1;
				LastSwiftUpdateCheck = 1410;
				LastUpgradeCheck = 1410;
				TargetAttributes = {
					1E179047298C1DB800823C2B = {
						CreatedOnToolsVersion = 14.1;
					};
				};
			};
			buildConfigurationList = 1E179043298C1DB800823C2B /* Build configuration list for PBXProject "Navigation" */;
			compatibilityVersion = "Xcode 10.0";
			developmentRegion = en;
			hasScannedForEncodings = 0;
			knownRegions = (
				en,
				Base,
			);
			mainGroup = 1E17903F298C1DB800823C2B;
			productRefGroup = 1E179049298C1DB800823C2B /* Products */;
			projectDirPath = "";
			projectRoot = "";
			targets = (
				1E179047298C1DB800823C2B /* Navigation */,
			);
		};
/* End PBXProject section */

/* Begin PBXResourcesBuildPhase section */
		1E179046298C1DB800823C2B /* Resources */ = {
			isa = PBXResourcesBuildPhase;
			buildActionMask = 2147483647;
			files = (
				1E179058298C1DB900823C2B /* LaunchScreen.storyboard in Resources */,
				1E179055298C1DB900823C2B /* Assets.xcassets in Resources */,
			);
			runOnlyForDeploymentPostprocessing = 0;
		};
/* End PBXResourcesBuildPhase section */

/* Begin PBXSourcesBuildPhase section */
		1E179044298C1DB800823C2B /* Sources */ = {
			isa = PBXSourcesBuildPhase;
			buildActionMask = 2147483647;
			files = (
				1E179075298D26DB00823C2B /* Post.swift in Sources */,
				1E179050298C1DB800823C2B /* PostViewController.swift in Sources */,
				1EDE2E602993F39A00F0FE1A /* ProfileHeaderView.swift in Sources */,
				1ECAB13229AA44B900070F5C /* PhotoGallery.swift in Sources */,
				1EA0D7EB29A9FE3500B5C349 /* PhotosTableViewCell.swift in Sources */,
				1EC672D9299FD4C800FDDECD /* UIView+Extension.swift in Sources */,
				1E17904C298C1DB800823C2B /* AppDelegate.swift in Sources */,
				1E179067298C284800823C2B /* MainTabBarViewController.swift in Sources */,
				1E179072298D177C00823C2B /* CradientButton.swift in Sources */,
				1EDE0EF529A2A10F00A6925B /* Model.swift in Sources */,
				1ECAB12B29AA43B400070F5C /* PhotosViewController.swift in Sources */,
				1E179069298C2F9F00823C2B /* InfoViewController.swift in Sources */,
				1EC672D5299FCC2B00FDDECD /* PostTableViewCell.swift in Sources */,
				1E17906D298C365C00823C2B /* ProfileViewController.swift in Sources */,
				1ED524DC29BCAAEA0050E5BA /* DetailedViewController.swift in Sources */,
				1EC672CE299E303500FDDECD /* LogInViewController.swift in Sources */,
				1EDAB5DD29C47297006B0A85 /* CollectionViewCellTableView.swift in Sources */,
				1E179070298C5EED00823C2B /* UIColorExtension.swift in Sources */,
				1E17906B298C363E00823C2B /* FeedViewController.swift in Sources */,
				1E17904E298C1DB800823C2B /* SceneDelegate.swift in Sources */,
				1ECAB12D29AA43EB00070F5C /* PhotosCollectionViewCell.swift in Sources */,
				1EC672D1299E47D900FDDECD /* LogInView.swift in Sources */,
			);
			runOnlyForDeploymentPostprocessing = 0;
		};
/* End PBXSourcesBuildPhase section */

/* Begin PBXVariantGroup section */
		1E179056298C1DB900823C2B /* LaunchScreen.storyboard */ = {
			isa = PBXVariantGroup;
			children = (
				1E179057298C1DB900823C2B /* Base */,
			);
			name = LaunchScreen.storyboard;
			sourceTree = "<group>";
		};
/* End PBXVariantGroup section */

/* Begin XCBuildConfiguration section */
		1E17905A298C1DB900823C2B /* Debug */ = {
			isa = XCBuildConfiguration;
			buildSettings = {
				ALWAYS_SEARCH_USER_PATHS = NO;
				CLANG_ANALYZER_NONNULL = YES;
				CLANG_ANALYZER_NUMBER_OBJECT_CONVERSION = YES_AGGRESSIVE;
				CLANG_CXX_LANGUAGE_STANDARD = "gnu++20";
				CLANG_ENABLE_MODULES = YES;
				CLANG_ENABLE_OBJC_ARC = YES;
				CLANG_ENABLE_OBJC_WEAK = YES;
				CLANG_WARN_BLOCK_CAPTURE_AUTORELEASING = YES;
				CLANG_WARN_BOOL_CONVERSION = YES;
				CLANG_WARN_COMMA = YES;
				CLANG_WARN_CONSTANT_CONVERSION = YES;
				CLANG_WARN_DEPRECATED_OBJC_IMPLEMENTATIONS = YES;
				CLANG_WARN_DIRECT_OBJC_ISA_USAGE = YES_ERROR;
				CLANG_WARN_DOCUMENTATION_COMMENTS = YES;
				CLANG_WARN_EMPTY_BODY = YES;
				CLANG_WARN_ENUM_CONVERSION = YES;
				CLANG_WARN_INFINITE_RECURSION = YES;
				CLANG_WARN_INT_CONVERSION = YES;
				CLANG_WARN_NON_LITERAL_NULL_CONVERSION = YES;
				CLANG_WARN_OBJC_IMPLICIT_RETAIN_SELF = YES;
				CLANG_WARN_OBJC_LITERAL_CONVERSION = YES;
				CLANG_WARN_OBJC_ROOT_CLASS = YES_ERROR;
				CLANG_WARN_QUOTED_INCLUDE_IN_FRAMEWORK_HEADER = YES;
				CLANG_WARN_RANGE_LOOP_ANALYSIS = YES;
				CLANG_WARN_STRICT_PROTOTYPES = YES;
				CLANG_WARN_SUSPICIOUS_MOVE = YES;
				CLANG_WARN_UNGUARDED_AVAILABILITY = YES_AGGRESSIVE;
				CLANG_WARN_UNREACHABLE_CODE = YES;
				CLANG_WARN__DUPLICATE_METHOD_MATCH = YES;
				COPY_PHASE_STRIP = NO;
				DEBUG_INFORMATION_FORMAT = dwarf;
				ENABLE_STRICT_OBJC_MSGSEND = YES;
				ENABLE_TESTABILITY = YES;
				GCC_C_LANGUAGE_STANDARD = gnu11;
				GCC_DYNAMIC_NO_PIC = NO;
				GCC_NO_COMMON_BLOCKS = YES;
				GCC_OPTIMIZATION_LEVEL = 0;
				GCC_PREPROCESSOR_DEFINITIONS = (
					"DEBUG=1",
					"$(inherited)",
				);
				GCC_WARN_64_TO_32_BIT_CONVERSION = YES;
				GCC_WARN_ABOUT_RETURN_TYPE = YES_ERROR;
				GCC_WARN_UNDECLARED_SELECTOR = YES;
				GCC_WARN_UNINITIALIZED_AUTOS = YES_AGGRESSIVE;
				GCC_WARN_UNUSED_FUNCTION = YES;
				GCC_WARN_UNUSED_VARIABLE = YES;
				IPHONEOS_DEPLOYMENT_TARGET = 14.0;
				MTL_ENABLE_DEBUG_INFO = INCLUDE_SOURCE;
				MTL_FAST_MATH = YES;
				ONLY_ACTIVE_ARCH = YES;
				SDKROOT = iphoneos;
				SWIFT_ACTIVE_COMPILATION_CONDITIONS = DEBUG;
				SWIFT_OPTIMIZATION_LEVEL = "-Onone";
			};
			name = Debug;
		};
		1E17905B298C1DB900823C2B /* Release */ = {
			isa = XCBuildConfiguration;
			buildSettings = {
				ALWAYS_SEARCH_USER_PATHS = NO;
				CLANG_ANALYZER_NONNULL = YES;
				CLANG_ANALYZER_NUMBER_OBJECT_CONVERSION = YES_AGGRESSIVE;
				CLANG_CXX_LANGUAGE_STANDARD = "gnu++20";
				CLANG_ENABLE_MODULES = YES;
				CLANG_ENABLE_OBJC_ARC = YES;
				CLANG_ENABLE_OBJC_WEAK = YES;
				CLANG_WARN_BLOCK_CAPTURE_AUTORELEASING = YES;
				CLANG_WARN_BOOL_CONVERSION = YES;
				CLANG_WARN_COMMA = YES;
				CLANG_WARN_CONSTANT_CONVERSION = YES;
				CLANG_WARN_DEPRECATED_OBJC_IMPLEMENTATIONS = YES;
				CLANG_WARN_DIRECT_OBJC_ISA_USAGE = YES_ERROR;
				CLANG_WARN_DOCUMENTATION_COMMENTS = YES;
				CLANG_WARN_EMPTY_BODY = YES;
				CLANG_WARN_ENUM_CONVERSION = YES;
				CLANG_WARN_INFINITE_RECURSION = YES;
				CLANG_WARN_INT_CONVERSION = YES;
				CLANG_WARN_NON_LITERAL_NULL_CONVERSION = YES;
				CLANG_WARN_OBJC_IMPLICIT_RETAIN_SELF = YES;
				CLANG_WARN_OBJC_LITERAL_CONVERSION = YES;
				CLANG_WARN_OBJC_ROOT_CLASS = YES_ERROR;
				CLANG_WARN_QUOTED_INCLUDE_IN_FRAMEWORK_HEADER = YES;
				CLANG_WARN_RANGE_LOOP_ANALYSIS = YES;
				CLANG_WARN_STRICT_PROTOTYPES = YES;
				CLANG_WARN_SUSPICIOUS_MOVE = YES;
				CLANG_WARN_UNGUARDED_AVAILABILITY = YES_AGGRESSIVE;
				CLANG_WARN_UNREACHABLE_CODE = YES;
				CLANG_WARN__DUPLICATE_METHOD_MATCH = YES;
				COPY_PHASE_STRIP = NO;
				DEBUG_INFORMATION_FORMAT = "dwarf-with-dsym";
				ENABLE_NS_ASSERTIONS = NO;
				ENABLE_STRICT_OBJC_MSGSEND = YES;
				GCC_C_LANGUAGE_STANDARD = gnu11;
				GCC_NO_COMMON_BLOCKS = YES;
				GCC_WARN_64_TO_32_BIT_CONVERSION = YES;
				GCC_WARN_ABOUT_RETURN_TYPE = YES_ERROR;
				GCC_WARN_UNDECLARED_SELECTOR = YES;
				GCC_WARN_UNINITIALIZED_AUTOS = YES_AGGRESSIVE;
				GCC_WARN_UNUSED_FUNCTION = YES;
				GCC_WARN_UNUSED_VARIABLE = YES;
				IPHONEOS_DEPLOYMENT_TARGET = 14.0;
				MTL_ENABLE_DEBUG_INFO = NO;
				MTL_FAST_MATH = YES;
				SDKROOT = iphoneos;
				SWIFT_COMPILATION_MODE = wholemodule;
				SWIFT_OPTIMIZATION_LEVEL = "-O";
				VALIDATE_PRODUCT = YES;
			};
			name = Release;
		};
		1E17905D298C1DB900823C2B /* Debug */ = {
			isa = XCBuildConfiguration;
			buildSettings = {
				ASSETCATALOG_COMPILER_APPICON_NAME = AppIcon;
				ASSETCATALOG_COMPILER_GLOBAL_ACCENT_COLOR_NAME = "";
				CODE_SIGN_STYLE = Automatic;
				CURRENT_PROJECT_VERSION = 1;
				DEVELOPMENT_TEAM = NZXWXPDR2X;
				GENERATE_INFOPLIST_FILE = YES;
				INFOPLIST_FILE = Navigation/Resources/Info.plist;
				INFOPLIST_KEY_UIApplicationSupportsIndirectInputEvents = YES;
				INFOPLIST_KEY_UILaunchStoryboardName = LaunchScreen;
				INFOPLIST_KEY_UIStatusBarStyle = UIStatusBarStyleDarkContent;
				INFOPLIST_KEY_UISupportedInterfaceOrientations_iPad = "UIInterfaceOrientationPortrait UIInterfaceOrientationPortraitUpsideDown UIInterfaceOrientationLandscapeLeft UIInterfaceOrientationLandscapeRight";
				INFOPLIST_KEY_UISupportedInterfaceOrientations_iPhone = "UIInterfaceOrientationPortrait UIInterfaceOrientationLandscapeLeft UIInterfaceOrientationLandscapeRight";
				IPHONEOS_DEPLOYMENT_TARGET = 16.2;
				LD_RUNPATH_SEARCH_PATHS = (
					"$(inherited)",
					"@executable_path/Frameworks",
				);
				MARKETING_VERSION = 1.0;
				PRODUCT_BUNDLE_IDENTIFIER = asx.Navigation;
				PRODUCT_NAME = "$(TARGET_NAME)";
				SUPPORTED_PLATFORMS = "iphoneos iphonesimulator";
				SUPPORTS_MACCATALYST = NO;
				SUPPORTS_MAC_DESIGNED_FOR_IPHONE_IPAD = NO;
				SWIFT_EMIT_LOC_STRINGS = YES;
				SWIFT_VERSION = 5.0;
				TARGETED_DEVICE_FAMILY = "1,2";
			};
			name = Debug;
		};
		1E17905E298C1DB900823C2B /* Release */ = {
			isa = XCBuildConfiguration;
			buildSettings = {
				ASSETCATALOG_COMPILER_APPICON_NAME = AppIcon;
				ASSETCATALOG_COMPILER_GLOBAL_ACCENT_COLOR_NAME = "";
				CODE_SIGN_STYLE = Automatic;
				CURRENT_PROJECT_VERSION = 1;
				DEVELOPMENT_TEAM = NZXWXPDR2X;
				GENERATE_INFOPLIST_FILE = YES;
				INFOPLIST_FILE = Navigation/Resources/Info.plist;
				INFOPLIST_KEY_UIApplicationSupportsIndirectInputEvents = YES;
				INFOPLIST_KEY_UILaunchStoryboardName = LaunchScreen;
				INFOPLIST_KEY_UIStatusBarStyle = UIStatusBarStyleDarkContent;
				INFOPLIST_KEY_UISupportedInterfaceOrientations_iPad = "UIInterfaceOrientationPortrait UIInterfaceOrientationPortraitUpsideDown UIInterfaceOrientationLandscapeLeft UIInterfaceOrientationLandscapeRight";
				INFOPLIST_KEY_UISupportedInterfaceOrientations_iPhone = "UIInterfaceOrientationPortrait UIInterfaceOrientationLandscapeLeft UIInterfaceOrientationLandscapeRight";
				IPHONEOS_DEPLOYMENT_TARGET = 16.2;
				LD_RUNPATH_SEARCH_PATHS = (
					"$(inherited)",
					"@executable_path/Frameworks",
				);
				MARKETING_VERSION = 1.0;
				PRODUCT_BUNDLE_IDENTIFIER = asx.Navigation;
				PRODUCT_NAME = "$(TARGET_NAME)";
				SUPPORTED_PLATFORMS = "iphoneos iphonesimulator";
				SUPPORTS_MACCATALYST = NO;
				SUPPORTS_MAC_DESIGNED_FOR_IPHONE_IPAD = NO;
				SWIFT_EMIT_LOC_STRINGS = YES;
				SWIFT_VERSION = 5.0;
				TARGETED_DEVICE_FAMILY = "1,2";
			};
			name = Release;
		};
/* End XCBuildConfiguration section */

/* Begin XCConfigurationList section */
		1E179043298C1DB800823C2B /* Build configuration list for PBXProject "Navigation" */ = {
			isa = XCConfigurationList;
			buildConfigurations = (
				1E17905A298C1DB900823C2B /* Debug */,
				1E17905B298C1DB900823C2B /* Release */,
			);
			defaultConfigurationIsVisible = 0;
			defaultConfigurationName = Release;
		};
		1E17905C298C1DB900823C2B /* Build configuration list for PBXNativeTarget "Navigation" */ = {
			isa = XCConfigurationList;
			buildConfigurations = (
				1E17905D298C1DB900823C2B /* Debug */,
				1E17905E298C1DB900823C2B /* Release */,
			);
			defaultConfigurationIsVisible = 0;
			defaultConfigurationName = Release;
		};
/* End XCConfigurationList section */
	};
	rootObject = 1E179040298C1DB800823C2B /* Project object */;
}
